
Microsoft Visual Studio Solution File, Format Version 12.00
# Visual Studio Version 17
VisualStudioVersion = 17.14.37012.4 d17.14
MinimumVisualStudioVersion = 10.0.40219.1
Project("{FAE04EC0-301F-11D3-BF4B-00C04F79EFBC}") = "Tugas_tm", "Tugas_tm\Tugas_tm.csproj", "{3C817C0B-EB84-4151-95D5-028191B65F6F}"
EndProject
Global
	GlobalSection(SolutionConfigurationPlatforms) = preSolution
		Debug|Any CPU = Debug|Any CPU
		Release|Any CPU = Release|Any CPU
	EndGlobalSection
	GlobalSection(ProjectConfigurationPlatforms) = postSolution
		{3C817C0B-EB84-4151-95D5-028191B65F6F}.Debug|Any CPU.ActiveCfg = Debug|Any CPU
		{3C817C0B-EB84-4151-95D5-028191B65F6F}.Debug|Any CPU.Build.0 = Debug|Any CPU
		{3C817C0B-EB84-4151-95D5-028191B65F6F}.Release|Any CPU.ActiveCfg = Release|Any CPU
		{3C817C0B-EB84-4151-95D5-028191B65F6F}.Release|Any CPU.Build.0 = Release|Any CPU
	EndGlobalSection
	GlobalSection(SolutionProperties) = preSolution
		HideSolutionNode = FALSE
	EndGlobalSection
	GlobalSection(ExtensibilityGlobals) = postSolution
		SolutionGuid = {8A4D3191-1909-485B-BAA9-094A46D97F43}
	EndGlobalSection
EndGlobal
